# This file is automatically @generated by Cargo.
# It is not intended for manual editing.
[[package]]
name = "cc"
version = "1.0.67"
source = "registry+https://github.com/rust-lang/crates.io-index"
checksum = "e3c69b077ad434294d3ce9f1f6143a2a4b89a8a2d54ef813d85003a4fd1137fd"

[[package]]
name = "ds4live"
version = "0.1.0"
dependencies = [
 "hidapi",
]

[[package]]
name = "hidapi"
version = "1.2.5"
source = "registry+https://github.com/rust-lang/crates.io-index"
checksum = "76c352a18370f7e7e47bcbfcbdc5432b8c80c705b5d751a25232c659fcf5c775"
dependencies = [
 "cc",
 "libc",
 "pkg-config",
]

[[package]]
name = "libc"
version = "0.2.92"
source = "registry+https://github.com/rust-lang/crates.io-index"
checksum = "56d855069fafbb9b344c0f962150cd2c1187975cb1c22c1522c240d8c4986714"

[[package]]
name = "pkg-config"
version = "0.3.19"
source = "registry+https://github.com/rust-lang/crates.io-index"
checksum = "3831453b3449ceb48b6d9c7ad7c96d5ea673e9b470a1dc578c2ce6521230884c"
